
Microsoft Visual Studio Solution File, Format Version 12.00
# Visual Studio Version 17
VisualStudioVersion = 17.6.33829.357
MinimumVisualStudioVersion = 15.0.26124.0
Project("{9A19103F-16F7-4668-BE54-9A1E7A4F7556}") = "EfsCdk", "EfsCdk\EfsCdk.csproj", "{EB8929EA-9DA2-4516-857E-8750C7358283}"
EndProject
Project("{9A19103F-16F7-4668-BE54-9A1E7A4F7556}") = "AWSLambda1", "AWSLambda1\AWSLambda1.csproj", "{68306F2A-04B7-4FCF-8E3E-2D832CA5EB07}"
EndProject
Global
	GlobalSection(SolutionConfigurationPlatforms) = preSolution
		Debug|Any CPU = Debug|Any CPU
		Debug|x64 = Debug|x64
		Debug|x86 = Debug|x86
		Release|Any CPU = Release|Any CPU
		Release|x64 = Release|x64
		Release|x86 = Release|x86
	EndGlobalSection
	GlobalSection(ProjectConfigurationPlatforms) = postSolution
		{EB8929EA-9DA2-4516-857E-8750C7358283}.Debug|Any CPU.ActiveCfg = Debug|Any CPU
		{EB8929EA-9DA2-4516-857E-8750C7358283}.Debug|Any CPU.Build.0 = Debug|Any CPU
		{EB8929EA-9DA2-4516-857E-8750C7358283}.Debug|x64.ActiveCfg = Debug|Any CPU
		{EB8929EA-9DA2-4516-857E-8750C7358283}.Debug|x64.Build.0 = Debug|Any CPU
		{EB8929EA-9DA2-4516-857E-8750C7358283}.Debug|x86.ActiveCfg = Debug|Any CPU
		{EB8929EA-9DA2-4516-857E-8750C7358283}.Debug|x86.Build.0 = Debug|Any CPU
		{EB8929EA-9DA2-4516-857E-8750C7358283}.Release|Any CPU.ActiveCfg = Release|Any CPU
		{EB8929EA-9DA2-4516-857E-8750C7358283}.Release|Any CPU.Build.0 = Release|Any CPU
		{EB8929EA-9DA2-4516-857E-8750C7358283}.Release|x64.ActiveCfg = Release|Any CPU
		{EB8929EA-9DA2-4516-857E-8750C7358283}.Release|x64.Build.0 = Release|Any CPU
		{EB8929EA-9DA2-4516-857E-8750C7358283}.Release|x86.ActiveCfg = Release|Any CPU
		{EB8929EA-9DA2-4516-857E-8750C7358283}.Release|x86.Build.0 = Release|Any CPU
		{68306F2A-04B7-4FCF-8E3E-2D832CA5EB07}.Debug|Any CPU.ActiveCfg = Debug|Any CPU
		{68306F2A-04B7-4FCF-8E3E-2D832CA5EB07}.Debug|Any CPU.Build.0 = Debug|Any CPU
		{68306F2A-04B7-4FCF-8E3E-2D832CA5EB07}.Debug|x64.ActiveCfg = Debug|Any CPU
		{68306F2A-04B7-4FCF-8E3E-2D832CA5EB07}.Debug|x64.Build.0 = Debug|Any CPU
		{68306F2A-04B7-4FCF-8E3E-2D832CA5EB07}.Debug|x86.ActiveCfg = Debug|Any CPU
		{68306F2A-04B7-4FCF-8E3E-2D832CA5EB07}.Debug|x86.Build.0 = Debug|Any CPU
		{68306F2A-04B7-4FCF-8E3E-2D832CA5EB07}.Release|Any CPU.ActiveCfg = Release|Any CPU
		{68306F2A-04B7-4FCF-8E3E-2D832CA5EB07}.Release|Any CPU.Build.0 = Release|Any CPU
		{68306F2A-04B7-4FCF-8E3E-2D832CA5EB07}.Release|x64.ActiveCfg = Release|Any CPU
		{68306F2A-04B7-4FCF-8E3E-2D832CA5EB07}.Release|x64.Build.0 = Release|Any CPU
		{68306F2A-04B7-4FCF-8E3E-2D832CA5EB07}.Release|x86.ActiveCfg = Release|Any CPU
		{68306F2A-04B7-4FCF-8E3E-2D832CA5EB07}.Release|x86.Build.0 = Release|Any CPU
	EndGlobalSection
	GlobalSection(SolutionProperties) = preSolution
		HideSolutionNode = FALSE
	EndGlobalSection
EndGlobal
